{
  "name": "cromwell_cypress_project",
  "version": "1.0.0",
  "lockfileVersion": 1,
  "requires": true,
  "dependencies": {
    "chai-sorted": {
      "version": "0.2.0",
      "resolved": "https://registry.npmjs.org/chai-sorted/-/chai-sorted-0.2.0.tgz",
      "integrity": "sha1-H+6PB/70sAQ73/ngcCKggSwS71U="
    }
  }
}
